<Solution>
  <Configurations>
    <Platform Name="x64" />
  </Configurations>
  <Folder Name="/ソリューション項目/">
    <File Path=".editorconfig" />
  </Folder>
  <Project Path="../../../Downloads/DirectXTex-mar2023/DirectXTex-mar2023/DirectXTex/DirectXTex_Desktop_2022_Win10.vcxproj" Id="371b9fa9-4c90-4ac6-a123-aced756d6c77" />
  <Project Path="CG2_00_01.vcxproj" Id="b9ad7958-904b-4188-a7a2-d84e0ba2d59b" />
</Solution>
